<?xml version="1.0" encoding="utf-8"?>
<Project ToolsVersion="4.0" xmlns="http://schemas.microsoft.com/developer/msbuild/2003">
  <ItemGroup>
    <Filter Include="Source Files">
      <UniqueIdentifier>{e1bc7ea1-e292-40ae-975e-59853a40ceee}</UniqueIdentifier>
      <Extensions>cpp;c;cxx;rc;def;r;odl;idl;hpj;bat</Extensions>
    </Filter>
    <Filter Include="Header Files">
      <UniqueIdentifier>{9f3e9473-a9a0-4e13-9449-966838f83a10}</UniqueIdentifier>
      <Extensions>h;hpp;hxx;hm;inl</Extensions>
    </Filter>
    <Filter Include="Resource Files">
      <UniqueIdentifier>{ae058c91-7f99-4f36-83e8-e1ab7a7fc238}</UniqueIdentifier>
      <Extensions>ico;cur;bmp;dlg;rc2;rct;bin;rgs;gif;jpg;jpeg;jpe</Extensions>
    </Filter>
  </ItemGroup>
  <ItemGroup>
    <ClCompile Include="Enter.cpp">
      <Filter>Source Files</Filter>
    </ClCompile>
    <ClCompile Include="Getin.cpp">
      <Filter>Source Files</Filter>
    </ClCompile>
    <ClCompile Include="MainFrm.cpp">
      <Filter>Source Files</Filter>
    </ClCompile>
    <ClCompile Include="Mp3Sound.cpp">
      <Filter>Source Files</Filter>
    </ClCompile>
    <ClCompile Include="Num.cpp">
      <Filter>Source Files</Filter>
    </ClCompile>
    <ClCompile Include="program.cpp">
      <Filter>Source Files</Filter>
    </ClCompile>
    <ClCompile Include="programDoc.cpp">
      <Filter>Source Files</Filter>
    </ClCompile>
    <ClCompile Include="programView.cpp">
      <Filter>Source Files</Filter>
    </ClCompile>
    <ClCompile Include="Server.cpp">
      <Filter>Source Files</Filter>
    </ClCompile>
    <ClCompile Include="StdAfx.cpp">
      <Filter>Source Files</Filter>
    </ClCompile>
    <ClCompile Include="WaveSound.cpp">
      <Filter>Source Files</Filter>
    </ClCompile>
    <ClCompile Include="Card.cpp">
      <Filter>Resource Files</Filter>
    </ClCompile>
    <ClCompile Include="Managers.cpp">
      <Filter>Resource Files</Filter>
    </ClCompile>
    <ClCompile Include="Net.cpp">
      <Filter>Resource Files</Filter>
    </ClCompile>
    <ClCompile Include="NetControl.cpp">
      <Filter>Resource Files</Filter>
    </ClCompile>
  </ItemGroup>
  <ItemGroup>
    <ResourceCompile Include="program.rc">
      <Filter>Source Files</Filter>
    </ResourceCompile>
  </ItemGroup>
  <ItemGroup>
    <ClInclude Include="Card.h">
      <Filter>Header Files</Filter>
    </ClInclude>
    <ClInclude Include="Enter.h">
      <Filter>Header Files</Filter>
    </ClInclude>
    <ClInclude Include="Getin.h">
      <Filter>Header Files</Filter>
    </ClInclude>
    <ClInclude Include="MainFrm.h">
      <Filter>Header Files</Filter>
    </ClInclude>
    <ClInclude Include="Managers.h">
      <Filter>Header Files</Filter>
    </ClInclude>
    <ClInclude Include="Mp3Sound.h">
      <Filter>Header Files</Filter>
    </ClInclude>
    <ClInclude Include="Net.h">
      <Filter>Header Files</Filter>
    </ClInclude>
    <ClInclude Include="NetControl.h">
      <Filter>Header Files</Filter>
    </ClInclude>
    <ClInclude Include="Num.h">
      <Filter>Header Files</Filter>
    </ClInclude>
    <ClInclude Include="program.h">
      <Filter>Header Files</Filter>
    </ClInclude>
    <ClInclude Include="programDoc.h">
      <Filter>Header Files</Filter>
    </ClInclude>
    <ClInclude Include="programView.h">
      <Filter>Header Files</Filter>
    </ClInclude>
    <ClInclude Include="Resource.h">
      <Filter>Header Files</Filter>
    </ClInclude>
    <ClInclude Include="Server.h">
      <Filter>Header Files</Filter>
    </ClInclude>
    <ClInclude Include="StdAfx.h">
      <Filter>Header Files</Filter>
    </ClInclude>
    <ClInclude Include="WaveSound.h">
      <Filter>Header Files</Filter>
    </ClInclude>
  </ItemGroup>
  <ItemGroup>
    <Image Include="res\background.bmp">
      <Filter>Resource Files</Filter>
    </Image>
    <Image Include="res\bface.bmp">
      <Filter>Resource Files</Filter>
    </Image>
    <Image Include="res\bleft.bmp">
      <Filter>Resource Files</Filter>
    </Image>
    <Image Include="res\bright.bmp">
      <Filter>Resource Files</Filter>
    </Image>
    <Image Include="res\button.bmp">
      <Filter>Resource Files</Filter>
    </Image>
    <Image Include="res\bx.bmp">
      <Filter>Resource Files</Filter>
    </Image>
    <Image Include="res\by.bmp">
      <Filter>Resource Files</Filter>
    </Image>
    <Image Include="res\cross.bmp">
      <Filter>Resource Files</Filter>
    </Image>
    <Image Include="res\myfall.bmp">
      <Filter>Resource Files</Filter>
    </Image>
    <Image Include="res\mystand.bmp">
      <Filter>Resource Files</Filter>
    </Image>
    <Image Include="res\program.ico">
      <Filter>Resource Files</Filter>
    </Image>
    <Image Include="res\programDoc.ico">
      <Filter>Resource Files</Filter>
    </Image>
    <Image Include="res\Toolbar.bmp">
      <Filter>Resource Files</Filter>
    </Image>
    <Image Include="res\xline.bmp">
      <Filter>Resource Files</Filter>
    </Image>
    <Image Include="res\yline.bmp">
      <Filter>Resource Files</Filter>
    </Image>
  </ItemGroup>
  <ItemGroup>
    <Text Include="ReadMe.txt" />
  </ItemGroup>
  <ItemGroup>
    <CustomBuild Include="res\program.rc2">
      <Filter>Resource Files</Filter>
    </CustomBuild>
  </ItemGroup>
</Project>