<?xml version="1.0" encoding="utf-8"?>
<Project ToolsVersion="4.0" xmlns="http://schemas.microsoft.com/developer/msbuild/2003">
  <ItemGroup>
    <Filter Include="Source Files">
      <UniqueIdentifier>{ebad93a8-0d83-4200-a174-289aaf94b88a}</UniqueIdentifier>
      <Extensions>cpp;c;cxx;rc;def;r;odl;idl;hpj;bat</Extensions>
    </Filter>
    <Filter Include="Header Files">
      <UniqueIdentifier>{473dde5d-864c-46d2-8f1e-e951884d9fe4}</UniqueIdentifier>
      <Extensions>h;hpp;hxx;hm;inl</Extensions>
    </Filter>
    <Filter Include="Resource Files">
      <UniqueIdentifier>{dca186cd-dc7a-41a3-9fab-641a5c7b7d38}</UniqueIdentifier>
      <Extensions>ico;cur;bmp;dlg;rc2;rct;bin;rgs;gif;jpg;jpeg;jpe</Extensions>
    </Filter>
  </ItemGroup>
  <ItemGroup>
    <ClCompile Include="DlgCustom.cpp">
      <Filter>Source Files</Filter>
    </ClCompile>
    <ClCompile Include="DlgHero.cpp">
      <Filter>Source Files</Filter>
    </ClCompile>
    <ClCompile Include="DlgNewRecord.cpp">
      <Filter>Source Files</Filter>
    </ClCompile>
    <ClCompile Include="Mine.cpp">
      <Filter>Source Files</Filter>
    </ClCompile>
    <ClCompile Include="MineWnd.cpp">
      <Filter>Source Files</Filter>
    </ClCompile>
    <ClCompile Include="StdAfx.cpp">
      <Filter>Source Files</Filter>
    </ClCompile>
  </ItemGroup>
  <ItemGroup>
    <ResourceCompile Include="Mine.rc">
      <Filter>Source Files</Filter>
    </ResourceCompile>
  </ItemGroup>
  <ItemGroup>
    <ClInclude Include="DlgCustom.h">
      <Filter>Header Files</Filter>
    </ClInclude>
    <ClInclude Include="DlgHero.h">
      <Filter>Header Files</Filter>
    </ClInclude>
    <ClInclude Include="DlgNewRecord.h">
      <Filter>Header Files</Filter>
    </ClInclude>
    <ClInclude Include="Mine.h">
      <Filter>Header Files</Filter>
    </ClInclude>
    <ClInclude Include="MineDefs.h">
      <Filter>Header Files</Filter>
    </ClInclude>
    <ClInclude Include="MineWnd.h">
      <Filter>Header Files</Filter>
    </ClInclude>
    <ClInclude Include="Resource.h">
      <Filter>Header Files</Filter>
    </ClInclude>
    <ClInclude Include="StdAfx.h">
      <Filter>Header Files</Filter>
    </ClInclude>
  </ItemGroup>
  <ItemGroup>
    <Image Include="res\BITMAP10.BMP">
      <Filter>Resource Files</Filter>
    </Image>
    <Image Include="res\BITMAP11.BMP">
      <Filter>Resource Files</Filter>
    </Image>
    <Image Include="res\BITMAP20.BMP">
      <Filter>Resource Files</Filter>
    </Image>
    <Image Include="res\BITMAP21.BMP">
      <Filter>Resource Files</Filter>
    </Image>
    <Image Include="res\BITMAP30.BMP">
      <Filter>Resource Files</Filter>
    </Image>
    <Image Include="res\BITMAP31.BMP">
      <Filter>Resource Files</Filter>
    </Image>
    <Image Include="res\Mine.ico">
      <Filter>Resource Files</Filter>
    </Image>
  </ItemGroup>
  <ItemGroup>
    <Media Include="res\WAV1.WAV">
      <Filter>Resource Files</Filter>
    </Media>
    <Media Include="res\WAV2.WAV">
      <Filter>Resource Files</Filter>
    </Media>
    <Media Include="res\WAV3.WAV">
      <Filter>Resource Files</Filter>
    </Media>
  </ItemGroup>
  <ItemGroup>
    <CustomBuild Include="res\Mine.rc2">
      <Filter>Resource Files</Filter>
    </CustomBuild>
  </ItemGroup>
</Project>